
Microsoft Visual Studio Solution File, Format Version 12.00
# Visual Studio Version 17
VisualStudioVersion = 17.14.36518.9 d17.14
MinimumVisualStudioVersion = 10.0.40219.1
Project("{FAE04EC0-301F-11D3-BF4B-00C04F79EFBC}") = "AttendanceManagementSystem", "AttendanceManagementSystem\AttendanceManagementSystem.csproj", "{8B9B5C44-288D-458D-8D8E-FD1389039578}"
EndProject
Global
	GlobalSection(SolutionConfigurationPlatforms) = preSolution
		Debug|Any CPU = Debug|Any CPU
		Release|Any CPU = Release|Any CPU
	EndGlobalSection
	GlobalSection(ProjectConfigurationPlatforms) = postSolution
		{8B9B5C44-288D-458D-8D8E-FD1389039578}.Debug|Any CPU.ActiveCfg = Debug|Any CPU
		{8B9B5C44-288D-458D-8D8E-FD1389039578}.Debug|Any CPU.Build.0 = Debug|Any CPU
		{8B9B5C44-288D-458D-8D8E-FD1389039578}.Release|Any CPU.ActiveCfg = Release|Any CPU
		{8B9B5C44-288D-458D-8D8E-FD1389039578}.Release|Any CPU.Build.0 = Release|Any CPU
	EndGlobalSection
	GlobalSection(SolutionProperties) = preSolution
		HideSolutionNode = FALSE
	EndGlobalSection
	GlobalSection(ExtensibilityGlobals) = postSolution
		SolutionGuid = {E5D55514-F6FD-48C2-BFB7-99096E124513}
	EndGlobalSection
EndGlobal
